
Microsoft Visual Studio Solution File, Format Version 12.00
# Visual Studio Version 16
VisualStudioVersion = 16.0.30711.63
MinimumVisualStudioVersion = 10.0.40219.1
Project("{FAE04EC0-301F-11D3-BF4B-00C04F79EFBC}") = "Interpolation_3_methods", "Interpolation_3_methods\Interpolation_3_methods.csproj", "{D6F994FB-9085-440D-A47E-F4E218BB8AEE}"
EndProject
Global
	GlobalSection(SolutionConfigurationPlatforms) = preSolution
		Debug|Any CPU = Debug|Any CPU
		Release|Any CPU = Release|Any CPU
	EndGlobalSection
	GlobalSection(ProjectConfigurationPlatforms) = postSolution
		{D6F994FB-9085-440D-A47E-F4E218BB8AEE}.Debug|Any CPU.ActiveCfg = Debug|Any CPU
		{D6F994FB-9085-440D-A47E-F4E218BB8AEE}.Debug|Any CPU.Build.0 = Debug|Any CPU
		{D6F994FB-9085-440D-A47E-F4E218BB8AEE}.Release|Any CPU.ActiveCfg = Release|Any CPU
		{D6F994FB-9085-440D-A47E-F4E218BB8AEE}.Release|Any CPU.Build.0 = Release|Any CPU
	EndGlobalSection
	GlobalSection(SolutionProperties) = preSolution
		HideSolutionNode = FALSE
	EndGlobalSection
	GlobalSection(ExtensibilityGlobals) = postSolution
		SolutionGuid = {3BA650E3-1665-4FEA-8D45-6FC9CD3E2175}
	EndGlobalSection
EndGlobal
